{
   "modules" : {
      "Data::OptList" : {
         "dist" : "Data-OptList-0.107",
         "module" : "Data::OptList",
         "mymeta" : {
            "abstract" : "parse and validate simple name/value option pairs",
            "author" : [
               "Ricardo Signes <rjbs@cpan.org>"
            ],
            "dynamic_config" : 0,
            "generated_by" : "Dist::Zilla version 4.200006, CPAN::Meta::Converter version 2.110930, CPAN::Meta::Converter version 2.112621",
            "license" : [
               "perl_5"
            ],
            "meta-spec" : {
               "url" : "http://search.cpan.org/perldoc?CPAN::Meta::Spec",
               "version" : "2"
            },
            "name" : "Data-OptList",
            "prereqs" : {
               "build" : {
                  "requires" : {
                     "Test::More" : "0.96"
                  }
               },
               "configure" : {
                  "requires" : {
                     "ExtUtils::MakeMaker" : "6.30"
                  }
               },
               "runtime" : {
                  "requires" : {
                     "List::Util" : 0,
                     "Params::Util" : 0,
                     "Sub::Install" : "0.921"
                  }
               }
            },
            "release_status" : "stable",
            "resources" : {
               "homepage" : "http://github.com/rjbs/data-optlist",
               "repository" : {
                  "url" : "http://github.com/rjbs/data-optlist"
               }
            },
            "version" : "0.107",
            "x_Dist_Zilla" : {
               "plugins" : [
                  {
                     "class" : "Dist::Zilla::Plugin::CheckPrereqsIndexed",
                     "name" : "@RJBS/CheckPrereqsIndexed",
                     "version" : "0.002"
                  },
                  {
                     "class" : "Dist::Zilla::Plugin::GatherDir",
                     "name" : "@RJBS/@Basic/GatherDir",
                     "version" : "4.200006"
                  },
                  {
                     "class" : "Dist::Zilla::Plugin::PruneCruft",
                     "name" : "@RJBS/@Basic/PruneCruft",
                     "version" : "4.200006"
                  },
                  {
                     "class" : "Dist::Zilla::Plugin::ManifestSkip",
                     "name" : "@RJBS/@Basic/ManifestSkip",
                     "version" : "4.200006"
                  },
                  {
                     "class" : "Dist::Zilla::Plugin::MetaYAML",
                     "name" : "@RJBS/@Basic/MetaYAML",
                     "version" : "4.200006"
                  },
                  {
                     "class" : "Dist::Zilla::Plugin::License",
                     "name" : "@RJBS/@Basic/License",
                     "version" : "4.200006"
                  },
                  {
                     "class" : "Dist::Zilla::Plugin::Readme",
                     "name" : "@RJBS/@Basic/Readme",
                     "version" : "4.200006"
                  },
                  {
                     "class" : "Dist::Zilla::Plugin::ExtraTests",
                     "name" : "@RJBS/@Basic/ExtraTests",
                     "version" : "4.200006"
                  },
                  {
                     "class" : "Dist::Zilla::Plugin::ExecDir",
                     "name" : "@RJBS/@Basic/ExecDir",
                     "version" : "4.200006"
                  },
                  {
                     "class" : "Dist::Zilla::Plugin::ShareDir",
                     "name" : "@RJBS/@Basic/ShareDir",
                     "version" : "4.200006"
                  },
                  {
                     "class" : "Dist::Zilla::Plugin::MakeMaker",
                     "name" : "@RJBS/@Basic/MakeMaker",
                     "version" : "4.200006"
                  },
                  {
                     "class" : "Dist::Zilla::Plugin::Manifest",
                     "name" : "@RJBS/@Basic/Manifest",
                     "version" : "4.200006"
                  },
                  {
                     "class" : "Dist::Zilla::Plugin::TestRelease",
                     "name" : "@RJBS/@Basic/TestRelease",
                     "version" : "4.200006"
                  },
                  {
                     "class" : "Dist::Zilla::Plugin::ConfirmRelease",
                     "name" : "@RJBS/@Basic/ConfirmRelease",
                     "version" : "4.200006"
                  },
                  {
                     "class" : "Dist::Zilla::Plugin::UploadToCPAN",
                     "name" : "@RJBS/@Basic/UploadToCPAN",
                     "version" : "4.200006"
                  },
                  {
                     "class" : "Dist::Zilla::Plugin::AutoPrereqs",
                     "name" : "@RJBS/AutoPrereqs",
                     "version" : "4.200006"
                  },
                  {
                     "class" : "Dist::Zilla::Plugin::Git::NextVersion",
                     "name" : "@RJBS/Git::NextVersion",
                     "version" : "1.110500"
                  },
                  {
                     "class" : "Dist::Zilla::Plugin::PkgVersion",
                     "name" : "@RJBS/PkgVersion",
                     "version" : "4.200006"
                  },
                  {
                     "class" : "Dist::Zilla::Plugin::MetaConfig",
                     "name" : "@RJBS/MetaConfig",
                     "version" : "4.200006"
                  },
                  {
                     "class" : "Dist::Zilla::Plugin::MetaJSON",
                     "name" : "@RJBS/MetaJSON",
                     "version" : "4.200006"
                  },
                  {
                     "class" : "Dist::Zilla::Plugin::NextRelease",
                     "name" : "@RJBS/NextRelease",
                     "version" : "4.200006"
                  },
                  {
                     "class" : "Dist::Zilla::Plugin::PodSyntaxTests",
                     "name" : "@RJBS/PodSyntaxTests",
                     "version" : "4.200006"
                  },
                  {
                     "class" : "Dist::Zilla::Plugin::Repository",
                     "name" : "@RJBS/Repository",
                     "version" : "0.18"
                  },
                  {
                     "class" : "Dist::Zilla::Plugin::Prereqs",
                     "config" : {
                        "Dist::Zilla::Plugin::Prereqs" : {
                           "phase" : "test",
                           "type" : "requires"
                        }
                     },
                     "name" : "@RJBS/TestMoreWithSubtests",
                     "version" : "4.200006"
                  },
                  {
                     "class" : "Dist::Zilla::Plugin::PodWeaver",
                     "name" : "@RJBS/PodWeaver",
                     "version" : "3.101641"
                  },
                  {
                     "class" : "Dist::Zilla::Plugin::GithubMeta",
                     "name" : "@RJBS/GithubMeta",
                     "version" : "0.12"
                  },
                  {
                     "class" : "Dist::Zilla::Plugin::Git::Check",
                     "name" : "@RJBS/@Git/Check",
                     "version" : "1.110500"
                  },
                  {
                     "class" : "Dist::Zilla::Plugin::Git::Commit",
                     "name" : "@RJBS/@Git/Commit",
                     "version" : "1.110500"
                  },
                  {
                     "class" : "Dist::Zilla::Plugin::Git::Tag",
                     "name" : "@RJBS/@Git/Tag",
                     "version" : "1.110500"
                  },
                  {
                     "class" : "Dist::Zilla::Plugin::Git::Push",
                     "name" : "@RJBS/@Git/Push",
                     "version" : "1.110500"
                  },
                  {
                     "class" : "Dist::Zilla::Plugin::FinderCode",
                     "name" : ":InstallModules",
                     "version" : "4.200006"
                  },
                  {
                     "class" : "Dist::Zilla::Plugin::FinderCode",
                     "name" : ":IncModules",
                     "version" : "4.200006"
                  },
                  {
                     "class" : "Dist::Zilla::Plugin::FinderCode",
                     "name" : ":TestFiles",
                     "version" : "4.200006"
                  },
                  {
                     "class" : "Dist::Zilla::Plugin::FinderCode",
                     "name" : ":ExecFiles",
                     "version" : "4.200006"
                  },
                  {
                     "class" : "Dist::Zilla::Plugin::FinderCode",
                     "name" : ":ShareFiles",
                     "version" : "4.200006"
                  },
                  {
                     "class" : "Dist::Zilla::Plugin::FinderCode",
                     "name" : ":MainModule",
                     "version" : "4.200006"
                  }
               ],
               "zilla" : {
                  "class" : "Dist::Zilla::Dist::Builder",
                  "config" : {
                     "is_trial" : 0
                  },
                  "version" : "4.200006"
               }
            }
         },
         "name" : "Data::OptList",
         "pathname" : "R/RJ/RJBS/Data-OptList-0.107.tar.gz",
         "provides" : {
            "Data::OptList" : {
               "file" : "Data/OptList.pm",
               "version" : "0.107"
            }
         },
         "version" : "0.107"
      },
      "ExtUtils::MakeMaker" : {
         "dist" : "ExtUtils-MakeMaker-6.62",
         "module" : "ExtUtils::MakeMaker",
         "mymeta" : {
            "abstract" : "Create a module Makefile",
            "author" : [
               "Michael G Schwern <schwern@pobox.com>"
            ],
            "dynamic_config" : 0,
            "generated_by" : "ExtUtils::MakeMaker version 6.62, CPAN::Meta::Converter version 2.112150, CPAN::Meta::Converter version 2.112621",
            "license" : [
               "perl_5"
            ],
            "meta-spec" : {
               "url" : "http://search.cpan.org/perldoc?CPAN::Meta::Spec",
               "version" : "2"
            },
            "name" : "ExtUtils-MakeMaker",
            "no_index" : {
               "directory" : [
                  "t",
                  "inc",
                  "bundled",
                  "my"
               ],
               "package" : [
                  "DynaLoader",
                  "in"
               ]
            },
            "prereqs" : {
               "build" : {
                  "requires" : {
                     "Data::Dumper" : 0
                  }
               },
               "configure" : {
                  "requires" : {}
               },
               "runtime" : {
                  "requires" : {
                     "DirHandle" : 0,
                     "File::Basename" : 0,
                     "File::Spec" : "0.8",
                     "Pod::Man" : 0,
                     "perl" : "5.006"
                  }
               }
            },
            "release_status" : "stable",
            "resources" : {
               "bugtracker" : {
                  "web" : "http://rt.cpan.org/NoAuth/Bugs.html?Dist=ExtUtils-MakeMaker"
               },
               "homepage" : "http://makemaker.org",
               "license" : [
                  "http://dev.perl.org/licenses/"
               ],
               "repository" : {
                  "url" : "http://github.com/Perl-Toolchain-Gang/ExtUtils-MakeMaker"
               },
               "x_MailingList" : "makemaker@perl.org"
            },
            "version" : "6.62"
         },
         "name" : "ExtUtils::MakeMaker",
         "pathname" : "M/MS/MSCHWERN/ExtUtils-MakeMaker-6.62.tar.gz",
         "provides" : {
            "DynaLoader" : {
               "file" : "ExtUtils/Mkbootstrap.pm"
            },
            "ExtUtils::Command::MM" : {
               "file" : "ExtUtils/Command/MM.pm",
               "version" : "6.62"
            },
            "ExtUtils::Liblist" : {
               "file" : "ExtUtils/Liblist.pm",
               "version" : "6.62"
            },
            "ExtUtils::Liblist::Kid" : {
               "file" : "ExtUtils/Liblist/Kid.pm",
               "version" : "6.62"
            },
            "ExtUtils::MM" : {
               "file" : "ExtUtils/MM.pm",
               "version" : "6.62"
            },
            "ExtUtils::MM_AIX" : {
               "file" : "ExtUtils/MM_AIX.pm",
               "version" : "6.62"
            },
            "ExtUtils::MM_Any" : {
               "file" : "ExtUtils/MM_Any.pm",
               "version" : "6.62"
            },
            "ExtUtils::MM_BeOS" : {
               "file" : "ExtUtils/MM_BeOS.pm",
               "version" : "6.62"
            },
            "ExtUtils::MM_Cygwin" : {
               "file" : "ExtUtils/MM_Cygwin.pm",
               "version" : "6.62"
            },
            "ExtUtils::MM_DOS" : {
               "file" : "ExtUtils/MM_DOS.pm",
               "version" : "6.62"
            },
            "ExtUtils::MM_Darwin" : {
               "file" : "ExtUtils/MM_Darwin.pm",
               "version" : "6.62"
            },
            "ExtUtils::MM_MacOS" : {
               "file" : "ExtUtils/MM_MacOS.pm",
               "version" : "6.62"
            },
            "ExtUtils::MM_NW5" : {
               "file" : "ExtUtils/MM_NW5.pm",
               "version" : "6.62"
            },
            "ExtUtils::MM_OS2" : {
               "file" : "ExtUtils/MM_OS2.pm",
               "version" : "6.62"
            },
            "ExtUtils::MM_QNX" : {
               "file" : "ExtUtils/MM_QNX.pm",
               "version" : "6.62"
            },
            "ExtUtils::MM_UWIN" : {
               "file" : "ExtUtils/MM_UWIN.pm",
               "version" : "6.62"
            },
            "ExtUtils::MM_Unix" : {
               "file" : "ExtUtils/MM_Unix.pm",
               "version" : "6.62"
            },
            "ExtUtils::MM_VMS" : {
               "file" : "ExtUtils/MM_VMS.pm",
               "version" : "6.62"
            },
            "ExtUtils::MM_VOS" : {
               "file" : "ExtUtils/MM_VOS.pm",
               "version" : "6.62"
            },
            "ExtUtils::MM_Win32" : {
               "file" : "ExtUtils/MM_Win32.pm",
               "version" : "6.62"
            },
            "ExtUtils::MM_Win95" : {
               "file" : "ExtUtils/MM_Win95.pm",
               "version" : "6.62"
            },
            "ExtUtils::MY" : {
               "file" : "ExtUtils/MY.pm",
               "version" : "6.62"
            },
            "ExtUtils::MakeMaker" : {
               "file" : "ExtUtils/MakeMaker.pm",
               "version" : "6.62"
            },
            "ExtUtils::MakeMaker::Config" : {
               "file" : "ExtUtils/MakeMaker/Config.pm",
               "version" : "6.62"
            },
            "ExtUtils::Mkbootstrap" : {
               "file" : "ExtUtils/Mkbootstrap.pm",
               "version" : "6.62"
            },
            "ExtUtils::Mksymlists" : {
               "file" : "ExtUtils/Mksymlists.pm",
               "version" : "6.62"
            },
            "ExtUtils::testlib" : {
               "file" : "ExtUtils/testlib.pm",
               "version" : "6.62"
            },
            "MM" : {
               "file" : "ExtUtils/MM.pm"
            },
            "MY" : {
               "file" : "ExtUtils/MakeMaker.pm"
            }
         },
         "version" : "6.62"
      },
      "Getopt::Compact::WithCmd" : {
         "dist" : "Getopt-Compact-WithCmd-0.19",
         "module" : "Getopt::Compact::WithCmd",
         "mymeta" : {
            "abstract" : "sub-command friendly, like Getopt::Compact",
            "author" : [
               "xaicron <xaicron {at} cpan.org>"
            ],
            "dynamic_config" : 0,
            "generated_by" : "Module::Install version 1.02, CPAN::Meta::Converter version 2.112621",
            "license" : [
               "perl_5"
            ],
            "meta-spec" : {
               "url" : "http://search.cpan.org/perldoc?CPAN::Meta::Spec",
               "version" : "2"
            },
            "name" : "Getopt-Compact-WithCmd",
            "no_index" : {
               "directory" : [
                  "inc",
                  "t",
                  "xt"
               ]
            },
            "prereqs" : {
               "build" : {
                  "requires" : {
                     "ExtUtils::MakeMaker" : "6.42",
                     "Test::More" : "0.96",
                     "Test::Output" : 0,
                     "Test::Requires" : 0
                  }
               },
               "configure" : {
                  "requires" : {
                     "ExtUtils::MakeMaker" : "6.42"
                  }
               },
               "runtime" : {
                  "recommends" : {
                     "Text::ParseWords" : 0
                  },
                  "requires" : {
                     "Getopt::Long" : "2.38",
                     "Text::Table" : 0,
                     "perl" : "5.008001"
                  }
               }
            },
            "release_status" : "stable",
            "resources" : {
               "license" : [
                  "http://dev.perl.org/licenses/"
               ],
               "repository" : {
                  "type" : "git",
                  "url" : "git://github.com/xaicron/p5-Getopt-Compact-WithCmd.git"
               }
            },
            "version" : "0.19"
         },
         "name" : "Getopt::Compact::WithCmd",
         "pathname" : "X/XA/XAICRON/Getopt-Compact-WithCmd-0.19.tar.gz",
         "provides" : {
            "Getopt::Compact::WithCmd" : {
               "file" : "Getopt/Compact/WithCmd.pm",
               "version" : "0.19"
            }
         },
         "version" : "0.19"
      },
      "Params::Util" : {
         "dist" : "Params-Util-1.04",
         "module" : "Params::Util",
         "mymeta" : {
            "abstract" : "Simple, compact and correct param-checking functions",
            "author" : [
               "Adam Kennedy <adamk@cpan.org>"
            ],
            "dynamic_config" : 0,
            "generated_by" : "ExtUtils::MakeMaker version 6.56, CPAN::Meta::Converter version 2.112621",
            "license" : [
               "perl_5"
            ],
            "meta-spec" : {
               "url" : "http://search.cpan.org/perldoc?CPAN::Meta::Spec",
               "version" : "2"
            },
            "name" : "Params-Util",
            "no_index" : {
               "directory" : [
                  "t",
                  "inc"
               ]
            },
            "prereqs" : {
               "build" : {
                  "requires" : {
                     "ExtUtils::MakeMaker" : "6.52",
                     "File::Spec" : "0.80",
                     "Test::More" : "0.42"
                  }
               },
               "configure" : {
                  "requires" : {
                     "ExtUtils::CBuilder" : "0.27",
                     "ExtUtils::MakeMaker" : "6.52"
                  }
               },
               "runtime" : {
                  "requires" : {
                     "Scalar::Util" : "1.18",
                     "perl" : "5.00503"
                  }
               }
            },
            "release_status" : "stable",
            "version" : "1.04"
         },
         "name" : "Params::Util",
         "pathname" : "A/AD/ADAMK/Params-Util-1.04.tar.gz",
         "provides" : {
            "Params::Util" : {
               "file" : "Params/Util.pm",
               "version" : "1.04"
            }
         },
         "version" : "1.04"
      },
      "Sub::Exporter" : {
         "dist" : "Sub-Exporter-0.982",
         "module" : "Sub::Exporter",
         "mymeta" : {
            "abstract" : "a sophisticated exporter for custom-built routines",
            "author" : [
               "Ricardo SIGNES, C<< <rjbs@cpan.org> >>"
            ],
            "dynamic_config" : 0,
            "generated_by" : "Module::Install version 0.77, CPAN::Meta::Converter version 2.112621",
            "license" : [
               "perl_5"
            ],
            "meta-spec" : {
               "url" : "http://search.cpan.org/perldoc?CPAN::Meta::Spec",
               "version" : "2"
            },
            "name" : "Sub-Exporter",
            "no_index" : {
               "directory" : [
                  "inc",
                  "t"
               ]
            },
            "prereqs" : {
               "build" : {
                  "requires" : {
                     "ExtUtils::MakeMaker" : 0
                  }
               },
               "runtime" : {
                  "requires" : {
                     "Data::OptList" : "0.1",
                     "ExtUtils::MakeMaker" : "6.62",
                     "Params::Util" : "0.14",
                     "Sub::Install" : "0.92"
                  }
               }
            },
            "release_status" : "stable",
            "resources" : {
               "license" : [
                  "http://dev.perl.org/licenses/"
               ],
               "repository" : {
                  "url" : "http://github.com/rjbs/sub-exporter"
               }
            },
            "version" : "0.982",
            "x_module_name" : "Sub::Exporter"
         },
         "name" : "Sub::Exporter",
         "pathname" : "R/RJ/RJBS/Sub-Exporter-0.982.tar.gz",
         "provides" : {
            "Sub::Exporter" : {
               "file" : "Sub/Exporter.pm",
               "version" : "0.982"
            },
            "Sub::Exporter::Util" : {
               "file" : "Sub/Exporter/Util.pm",
               "version" : "0.982"
            }
         },
         "version" : "0.982"
      },
      "Sub::Install" : {
         "dist" : "Sub-Install-0.925",
         "module" : "Sub::Install",
         "mymeta" : {
            "abstract" : "install subroutines into packages easily",
            "author" : [
               "Ricardo Signes <rjbs@cpan.org>"
            ],
            "dynamic_config" : 0,
            "generated_by" : "ExtUtils::MakeMaker version 6.48, CPAN::Meta::Converter version 2.112621",
            "license" : [
               "perl_5"
            ],
            "meta-spec" : {
               "url" : "http://search.cpan.org/perldoc?CPAN::Meta::Spec",
               "version" : "2"
            },
            "name" : "Sub-Install",
            "no_index" : {
               "directory" : [
                  "t",
                  "inc"
               ]
            },
            "prereqs" : {
               "build" : {
                  "requires" : {
                     "ExtUtils::MakeMaker" : 0
                  }
               },
               "configure" : {
                  "requires" : {
                     "ExtUtils::MakeMaker" : 0
                  }
               },
               "runtime" : {
                  "requires" : {
                     "Scalar::Util" : 0,
                     "Test::More" : 0
                  }
               }
            },
            "release_status" : "stable",
            "resources" : {
               "x_Repository" : "http://github.com/rjbs/sub-install"
            },
            "version" : "0.925"
         },
         "name" : "Sub::Install",
         "pathname" : "R/RJ/RJBS/Sub-Install-0.925.tar.gz",
         "provides" : {
            "Sub::Install" : {
               "file" : "Sub/Install.pm",
               "version" : "0.925"
            }
         },
         "version" : "0.925"
      },
      "Test::Output" : {
         "dist" : "Test-Output-1.01",
         "module" : "Test::Output",
         "mymeta" : {
            "abstract" : "Utilities to test STDOUT and STDERR messages.",
            "author" : [
               "brian d foy <bdfoy@cpan.org>"
            ],
            "dynamic_config" : 0,
            "generated_by" : "ExtUtils::MakeMaker version 6.55_02, CPAN::Meta::Converter version 2.112621",
            "keywords" : [
               "testing",
               "STDOUT",
               "STDERR"
            ],
            "license" : [
               "perl_5"
            ],
            "meta-spec" : {
               "url" : "http://search.cpan.org/perldoc?CPAN::Meta::Spec",
               "version" : "2"
            },
            "name" : "Test-Output",
            "no_index" : {
               "directory" : [
                  "t",
                  "inc"
               ]
            },
            "prereqs" : {
               "build" : {
                  "requires" : {
                     "ExtUtils::MakeMaker" : 0
                  }
               },
               "configure" : {
                  "requires" : {
                     "ExtUtils::MakeMaker" : 0
                  }
               },
               "runtime" : {
                  "requires" : {
                     "File::Temp" : "0.17",
                     "Sub::Exporter" : 0,
                     "Test::More" : 0,
                     "Test::Tester" : "0.107",
                     "perl" : "5.006"
                  }
               }
            },
            "release_status" : "stable",
            "resources" : {
               "repository" : {
                  "type" : "git",
                  "url" : "git://github.com/briandfoy/test-output.git"
               }
            },
            "version" : "1.01"
         },
         "name" : "Test::Output",
         "pathname" : "B/BD/BDFOY/Test-Output-1.01.tar.gz",
         "provides" : {
            "Test::Output" : {
               "file" : "Test/Output.pm",
               "version" : "1.01"
            },
            "Test::Output::Tie" : {
               "file" : "Test/Output/Tie.pm",
               "version" : "1.01"
            }
         },
         "version" : "1.01"
      },
      "Test::Requires" : {
         "dist" : "Test-Requires-0.06",
         "module" : "Test::Requires",
         "mymeta" : {
            "abstract" : "Checks to see if the module can be loaded",
            "author" : [
               "Tokuhiro Matsuno <tokuhirom @*(#RJKLFHFSDLJF gmail.com>"
            ],
            "dynamic_config" : 0,
            "generated_by" : "Module::Install version 1.00, CPAN::Meta::Converter version 2.112621",
            "license" : [
               "perl_5"
            ],
            "meta-spec" : {
               "url" : "http://search.cpan.org/perldoc?CPAN::Meta::Spec",
               "version" : "2"
            },
            "name" : "Test-Requires",
            "no_index" : {
               "directory" : [
                  "inc",
                  "t",
                  "xt"
               ]
            },
            "prereqs" : {
               "build" : {
                  "requires" : {
                     "ExtUtils::MakeMaker" : "6.42"
                  }
               },
               "configure" : {
                  "requires" : {
                     "ExtUtils::MakeMaker" : "6.42"
                  }
               },
               "runtime" : {
                  "requires" : {
                     "Test::More" : "0.61",
                     "perl" : "5.006"
                  }
               }
            },
            "release_status" : "stable",
            "resources" : {
               "license" : [
                  "http://dev.perl.org/licenses/"
               ]
            },
            "version" : "0.06"
         },
         "name" : "Test::Requires",
         "pathname" : "T/TO/TOKUHIROM/Test-Requires-0.06.tar.gz",
         "provides" : {
            "Test::Requires" : {
               "file" : "Test/Requires.pm",
               "version" : "0.06"
            }
         },
         "version" : "0.06"
      },
      "Test::Simple" : {
         "dist" : "Test-Simple-0.98",
         "module" : "Test::More",
         "mymeta" : {
            "abstract" : "Basic utilities for writing tests.",
            "author" : [
               "Michael G Schwern <schwern@pobox.com>"
            ],
            "dynamic_config" : 0,
            "generated_by" : "ExtUtils::MakeMaker version 6.57_06, CPAN::Meta::Converter version 2.112621",
            "license" : [
               "perl_5"
            ],
            "meta-spec" : {
               "url" : "http://search.cpan.org/perldoc?CPAN::Meta::Spec",
               "version" : "2"
            },
            "name" : "Test-Simple",
            "no_index" : {
               "directory" : [
                  "t",
                  "inc"
               ]
            },
            "prereqs" : {
               "build" : {
                  "requires" : {
                     "ExtUtils::MakeMaker" : 0
                  }
               },
               "configure" : {
                  "requires" : {
                     "ExtUtils::MakeMaker" : 0
                  }
               },
               "runtime" : {
                  "requires" : {
                     "Test::Harness" : "2.03",
                     "perl" : "5.006"
                  }
               }
            },
            "release_status" : "stable",
            "resources" : {
               "bugtracker" : {
                  "web" : "http://github.com/schwern/test-more/issues"
               },
               "homepage" : "http://test-more.googlecode.com",
               "license" : [
                  "http://dev.perl.org/licenses/"
               ],
               "repository" : {
                  "url" : "http://github.com/schwern/test-more/tree/master"
               },
               "x_MailingList" : "http://groups.google.com/group/test-more-users"
            },
            "version" : "0.98"
         },
         "name" : "Test::Simple",
         "pathname" : "M/MS/MSCHWERN/Test-Simple-0.98.tar.gz",
         "provides" : {
            "Test::Builder" : {
               "file" : "Test/Builder.pm",
               "version" : "0.98"
            },
            "Test::Builder::IO::Scalar" : {
               "file" : "Test/Builder/IO/Scalar.pm",
               "version" : "2.110"
            },
            "Test::Builder::Module" : {
               "file" : "Test/Builder/Module.pm",
               "version" : "0.98"
            },
            "Test::Builder::Tester" : {
               "file" : "Test/Builder/Tester.pm",
               "version" : "1.22"
            },
            "Test::Builder::Tester::Color" : {
               "file" : "Test/Builder/Tester/Color.pm",
               "version" : "1.22"
            },
            "Test::Builder::Tester::Tie" : {
               "file" : "Test/Builder/Tester.pm"
            },
            "Test::More" : {
               "file" : "Test/More.pm",
               "version" : "0.98"
            },
            "Test::Simple" : {
               "file" : "Test/Simple.pm",
               "version" : "0.98"
            }
         },
         "version" : "0.98"
      },
      "Test::Tester" : {
         "dist" : "Test-Tester-0.108",
         "module" : "Test::Tester",
         "mymeta" : {
            "abstract" : "unknown",
            "author" : [
               "unknown"
            ],
            "dynamic_config" : 0,
            "generated_by" : "ExtUtils::MakeMaker version 6.30_01, CPAN::Meta::Converter version 2.112621",
            "license" : [
               "unknown"
            ],
            "meta-spec" : {
               "url" : "http://search.cpan.org/perldoc?CPAN::Meta::Spec",
               "version" : "2"
            },
            "name" : "Test-Tester",
            "prereqs" : {
               "build" : {
                  "requires" : {
                     "ExtUtils::MakeMaker" : 0
                  }
               },
               "runtime" : {
                  "requires" : {
                     "Test::Builder" : 0
                  }
               }
            },
            "release_status" : "stable",
            "version" : "0.108",
            "x_installdirs" : "perl",
            "x_version_from" : "./lib/Test/Tester.pm"
         },
         "name" : "Test::Tester",
         "pathname" : "F/FD/FDALY/Test-Tester-0.108.tar.gz",
         "provides" : {
            "Test::Tester" : {
               "file" : "Test/Tester.pm",
               "version" : "0.108"
            },
            "Test::Tester::Capture" : {
               "file" : "Test/Tester/Capture.pm"
            },
            "Test::Tester::CaptureRunner" : {
               "file" : "Test/Tester/CaptureRunner.pm"
            },
            "Test::Tester::Delegate" : {
               "file" : "Test/Tester/Delegate.pm"
            }
         },
         "version" : "0.108"
      },
      "Text::Aligner" : {
         "dist" : "Text-Aligner-0.07",
         "module" : "Text::Aligner",
         "mymeta" : {
            "abstract" : "Align text in columns",
            "author" : [
               "Anno Siegel (siegel@zrz.tu-berlin.de)"
            ],
            "dynamic_config" : 0,
            "generated_by" : "ExtUtils::MakeMaker version 6.56, CPAN::Meta::Converter version 2.112621",
            "license" : [
               "unknown"
            ],
            "meta-spec" : {
               "url" : "http://search.cpan.org/perldoc?CPAN::Meta::Spec",
               "version" : "2"
            },
            "name" : "Text-Aligner",
            "no_index" : {
               "directory" : [
                  "t",
                  "inc"
               ]
            },
            "prereqs" : {
               "build" : {
                  "requires" : {
                     "ExtUtils::MakeMaker" : 0
                  }
               },
               "configure" : {
                  "requires" : {
                     "ExtUtils::MakeMaker" : 0
                  }
               },
               "runtime" : {
                  "requires" : {
                     "Term::ANSIColor" : "2.01",
                     "Test::More" : 0
                  }
               }
            },
            "release_status" : "stable",
            "version" : "0.07"
         },
         "name" : "Text::Aligner",
         "pathname" : "A/AN/ANNO/Text-Aligner-0.07.tar.gz",
         "provides" : {
            "Text::Aligner" : {
               "file" : "Text/Aligner.pm",
               "version" : "0.07"
            },
            "Text::Aligner::Auto" : {
               "file" : "Text/Aligner.pm"
            },
            "Text::Aligner::MaxKeeper" : {
               "file" : "Text/Aligner.pm"
            }
         },
         "version" : "0.07"
      },
      "Text::Table" : {
         "dist" : "Text-Table-1.124",
         "module" : "Text::Table",
         "mymeta" : {
            "abstract" : "Organize Data in Tables",
            "author" : [
               "Shlomi Fish <shlomif@cpan.org>"
            ],
            "dynamic_config" : 0,
            "generated_by" : "Module::Build version 0.38, CPAN::Meta::Converter version 2.112621",
            "keywords" : [
               "art",
               "ascii",
               "asciiart",
               "borders",
               "table",
               "text",
               "unicode"
            ],
            "license" : [
               "bsd"
            ],
            "meta-spec" : {
               "url" : "http://search.cpan.org/perldoc?CPAN::Meta::Spec",
               "version" : "2"
            },
            "name" : "Text-Table",
            "prereqs" : {
               "build" : {
                  "requires" : {
                     "List::Util" : 0,
                     "Test::More" : 0
                  }
               },
               "configure" : {
                  "requires" : {
                     "Module::Build" : "0.36"
                  }
               },
               "runtime" : {
                  "requires" : {
                     "Text::Aligner" : "0.05",
                     "strict" : 0,
                     "warnings" : 0
                  }
               }
            },
            "provides" : {
               "Text::Table" : {
                  "file" : "lib/Text/Table.pm",
                  "version" : "1.124"
               }
            },
            "release_status" : "stable",
            "resources" : {
               "homepage" : "http://www.shlomifish.org/open-source/projects/docmake/",
               "license" : [
                  "http://opensource.org/licenses/bsd-license.php"
               ],
               "repository" : {
                  "url" : "https://github.com/shlomif/Text-Table"
               }
            },
            "version" : "1.124"
         },
         "name" : "Text::Table",
         "pathname" : "S/SH/SHLOMIF/Text-Table-1.124.tar.gz",
         "provides" : {
            "Text::Table" : {
               "file" : "Text/Table.pm",
               "version" : "1.124"
            }
         },
         "version" : "1.124"
      }
   },
   "version" : "0.9"
}
